{
    "hash": "165e93eb8c253c646c0f1f5e3f7dc764",
    "packages": [
        {
            "require": {
                "ext-memcached": "*",
                "php": ">=5.3.0"
            }
        }
    ],
    "packages-dev": [

    ],
    "aliases": [

    ],
    "minimum-stability": "stable",
    "stability-flags": [

    ],
    "platform": [

    ],
    "platform-dev": [

    ]
}
